PODS:
  - FunctionalSwift (1.8.0)
  - MobileSdk (2.0.0)
  - MoneyAuth (6.1.0):
    - FunctionalSwift (~> 1.8)
    - YooMoneyCoreApi (~> 2.1)
    - YooMoneyUI (~> 6.0)
  - SwiftLint (0.49.1)
  - YandexMobileMetrica/Dynamic (4.5.0):
    - YandexMobileMetrica/Dynamic/Core (= 4.5.0)
    - YandexMobileMetrica/Dynamic/Crashes (= 4.5.0)
  - YandexMobileMetrica/Dynamic/Core (4.5.0)
  - YandexMobileMetrica/Dynamic/Crashes (4.5.0):
    - YandexMobileMetrica/Dynamic/Core
  - YooKassaPayments (6.11.3):
    - MoneyAuth (~> 6.1.0)
    - YandexMobileMetrica/Dynamic (>= 3.0)
    - YooKassaPaymentsApi (~> 2.15.0)
    - YooKassaWalletApi (~> 2.3.1)
    - YooMoneyCoreApi (~> 2.1.0)
    - YooMoneySessionProfiler (~> 5.0.1)
    - YooMoneyUI (~> 6.2.0)
  - YooKassaPaymentsApi (2.15.0):
    - FunctionalSwift
    - YooMoneyCoreApi (~> 2.1)
  - YooKassaWalletApi (2.3.2):
    - FunctionalSwift
    - YooMoneyCoreApi
  - YooMoneyCoreApi (2.1.0):
    - FunctionalSwift (~> 1.8.0)
  - YooMoneySessionProfiler (5.0.1):
    - MobileSdk (~> 2.0)
  - YooMoneyUI (6.2.0):
    - FunctionalSwift
  - YooMoneyVision (2.0.2)

DEPENDENCIES:
  - SwiftLint (~> 0.49.1)
  - YooKassaPayments (from `./`)
  - YooMoneyVision (~> 2.0.0)

SPEC REPOS:
  https://git.yoomoney.ru/scm/sdk/cocoa-pod-specs.git:
    - FunctionalSwift
    - MobileSdk
    - MoneyAuth
    - YooKassaPaymentsApi
    - YooKassaWalletApi
    - YooMoneyCoreApi
    - YooMoneySessionProfiler
    - YooMoneyUI
    - YooMoneyVision
  https://github.com/CocoaPods/Specs.git:
    - SwiftLint
    - YandexMobileMetrica

EXTERNAL SOURCES:
  YooKassaPayments:
    :path: "./"

SPEC CHECKSUMS:
  FunctionalSwift: b65b0a7ddde7f11a11e794f79a1e8009724ed0bd
  MobileSdk: 827ec8a9ef58a60f35e920cebaecf74f20a250c4
  MoneyAuth: dedc9545fa857e7b489333e92403fe608585e518
  SwiftLint: 32ee33ded0636d0905ef6911b2b67bbaeeedafa5
  YandexMobileMetrica: 7dafc7d224077d4443ab3a587b82b24e9b6cc9c7
  YooKassaPayments: 7ef9acb92c18aa4cedb538b85d1e9a4ba678f8eb
  YooKassaPaymentsApi: 96b447324e838659b123818637ff0f95f16b63bf
  YooKassaWalletApi: cbb352525bfe89fd2ad52635062f79f8bbbc23ec
  YooMoneyCoreApi: ddf9ea035b9a3f8d0563b4da8e55652fa07040d3
  YooMoneySessionProfiler: 1a19bed99feca98c04e2a906908f91a7d5db408d
  YooMoneyUI: 01f293ed3486e00c5244a5feded457e7cdc18074
  YooMoneyVision: 42703ed279bfe26a6f831bcade8db8eb4dd85308

PODFILE CHECKSUM: 855313adf78f420dcbf53821a7ae48a7124a3a06

COCOAPODS: 1.11.3
