PODS:
  - CardIO (5.4.1)
  - FunctionalSwift (1.8.0)
  - MoneyAuth (6.1.0):
    - FunctionalSwift (~> 1.8)
    - YooMoneyCoreApi (~> 2.1)
    - YooMoneyUI (~> 6.0)
  - SwiftLint (0.49.1)
  - ThreatMetrixAdapter (3.3.6)
  - TMXProfiling (1.0.1)
  - TMXProfilingConnections (1.0.1)
  - YandexMobileMetrica/Dynamic (4.4.0):
    - YandexMobileMetrica/Dynamic/Core (= 4.4.0)
    - YandexMobileMetrica/Dynamic/Crashes (= 4.4.0)
  - YandexMobileMetrica/Dynamic/Core (4.4.0)
  - YandexMobileMetrica/Dynamic/Crashes (4.4.0):
    - YandexMobileMetrica/Dynamic/Core
  - YooKassaPayments (6.10.0):
    - MoneyAuth (~> 6.1.0)
    - ThreatMetrixAdapter (~> 3.3.3)
    - TMXProfiling (= 1.0.1)
    - TMXProfilingConnections (= 1.0.1)
    - YandexMobileMetrica/Dynamic (>= 3.0)
    - YooKassaPaymentsApi (~> 2.12.0)
    - YooKassaWalletApi (~> 2.3.1)
    - YooMoneyCoreApi (~> 2.1.0)
    - YooMoneyUI (~> 6.2.0)
  - YooKassaPaymentsApi (2.12.0):
    - FunctionalSwift
    - YooMoneyCoreApi (~> 2.1)
  - YooKassaWalletApi (2.3.2):
    - FunctionalSwift
    - YooMoneyCoreApi
  - YooMoneyCoreApi (2.1.0):
    - FunctionalSwift (~> 1.8.0)
  - YooMoneyUI (6.2.0):
    - FunctionalSwift

DEPENDENCIES:
  - CardIO (from `./CardIO`)
  - SwiftLint (~> 0.49.1)
  - YooKassaPayments (from `./`)

SPEC REPOS:
  https://git.yoomoney.ru/scm/sdk/cocoa-pod-specs.git:
    - FunctionalSwift
    - MoneyAuth
    - ThreatMetrixAdapter
    - TMXProfiling
    - TMXProfilingConnections
    - YooKassaPaymentsApi
    - YooKassaWalletApi
    - YooMoneyCoreApi
    - YooMoneyUI
  https://github.com/CocoaPods/Specs.git:
    - SwiftLint
    - YandexMobileMetrica

EXTERNAL SOURCES:
  CardIO:
    :path: "./CardIO"
  YooKassaPayments:
    :path: "./"

SPEC CHECKSUMS:
  CardIO: 69b4821c414157debbf1e3dc30e20c9507757a44
  FunctionalSwift: b65b0a7ddde7f11a11e794f79a1e8009724ed0bd
  MoneyAuth: dedc9545fa857e7b489333e92403fe608585e518
  SwiftLint: 32ee33ded0636d0905ef6911b2b67bbaeeedafa5
  ThreatMetrixAdapter: 769204f7c69e23bff0c324a3c61767127bcbe3d6
  TMXProfiling: a3b9808d62abf72227a366f2cbdca414ee38a023
  TMXProfilingConnections: e3984a86c3c338f13af682bb77a6d18474289b79
  YandexMobileMetrica: baf7cea47cb87fc9af963c4f747ce8dd7df3d7c0
  YooKassaPayments: 7685d9a91ca2627ab99d3284899705268333a96d
  YooKassaPaymentsApi: 2b7806e72a3da92d028b9ac0c6ae4e6c455b5512
  YooKassaWalletApi: cbb352525bfe89fd2ad52635062f79f8bbbc23ec
  YooMoneyCoreApi: ddf9ea035b9a3f8d0563b4da8e55652fa07040d3
  YooMoneyUI: 01f293ed3486e00c5244a5feded457e7cdc18074

PODFILE CHECKSUM: 6e6352ca491c63e3a0122b3902942272809e8a7f

COCOAPODS: 1.11.3
