{
  "originHash" : "80b14e4447fcb31efa125b724eb29fb681e6c6a0ca8f221e56e7967cf2cf54c5",
  "pins" : [
    {
      "identity" : "appmetrica-sdk-ios",
      "kind" : "remoteSourceControl",
      "location" : "https://github.com/appmetrica/appmetrica-sdk-ios",
      "state" : {
        "revision" : "14cf3e47be3b4d04a2ee450b12537ff7905cf7e1",
        "version" : "5.8.2"
      }
    },
    {
      "identity" : "kscrash",
      "kind" : "remoteSourceControl",
      "location" : "https://github.com/kstenerud/KSCrash",
      "state" : {
        "revision" : "e62b01179f951ffa6670af186b21f00657a92557",
        "version" : "2.0.0-rc.8"
      }
    },
    {
      "identity" : "sdkpay-static",
      "kind" : "remoteSourceControl",
      "location" : "https://github.com/sdkpay/sdkpay-static.git",
      "state" : {
        "revision" : "09920030eafb8cd31d7af3c18b81fe62b0c29c03",
        "version" : "2.5.2"
      }
    }
  ],
  "version" : 3
}
