{
  "originHash" : "4acefa97f69090b10669f92b3335afe8522c53d2f32ef65028575ae3d4d98235",
  "pins" : [
    {
      "identity" : "appmetrica-sdk-ios",
      "kind" : "remoteSourceControl",
      "location" : "https://github.com/appmetrica/appmetrica-sdk-ios",
      "state" : {
        "revision" : "7c314142488d9f844b1f78067ef49734aa3e16ac",
        "version" : "5.4.0"
      }
    },
    {
      "identity" : "kscrash",
      "kind" : "remoteSourceControl",
      "location" : "https://github.com/kstenerud/KSCrash",
      "state" : {
        "revision" : "c1337ff3ae30cdad843bf7df51e2a57d2a41166f",
        "version" : "1.17.2"
      }
    }
  ],
  "version" : 2
}
